{
  "version": 4,
  "terraform_version": "1.2.9",
  "serial": 8,
  "lineage": "b0efcdf8-9445-5baf-3fd1-bd6b14cf9629",
  "outputs": {
    "all_arns": {
      "value": [
        {
          "arn": "arn:aws:iam::058780928059:user/Paul",
          "force_destroy": false,
          "id": "Paul",
          "name": "Paul",
          "path": "/",
          "permissions_boundary": null,
          "tags": null,
          "tags_all": {},
          "unique_id": "AIDAQ3L45ZA56BOPT7UKS"
        },
        {
          "arn": "arn:aws:iam::058780928059:user/Joun",
          "force_destroy": false,
          "id": "Joun",
          "name": "Joun",
          "path": "/",
          "permissions_boundary": null,
          "tags": null,
          "tags_all": {},
          "unique_id": "AIDAQ3L45ZA5URIE4SQ52"
        },
        {
          "arn": "arn:aws:iam::058780928059:user/Hai",
          "force_destroy": false,
          "id": "Hai",
          "name": "Hai",
          "path": "/",
          "permissions_boundary": null,
          "tags": null,
          "tags_all": {},
          "unique_id": "AIDAQ3L45ZA5UCLC336FO"
        }
      ],
      "type": [
        "tuple",
        [
          [
            "object",
            {
              "arn": "string",
              "force_destroy": "bool",
              "id": "string",
              "name": "string",
              "path": "string",
              "permissions_boundary": "string",
              "tags": [
                "map",
                "string"
              ],
              "tags_all": [
                "map",
                "string"
              ],
              "unique_id": "string"
            }
          ],
          [
            "object",
            {
              "arn": "string",
              "force_destroy": "bool",
              "id": "string",
              "name": "string",
              "path": "string",
              "permissions_boundary": "string",
              "tags": [
                "map",
                "string"
              ],
              "tags_all": [
                "map",
                "string"
              ],
              "unique_id": "string"
            }
          ],
          [
            "object",
            {
              "arn": "string",
              "force_destroy": "bool",
              "id": "string",
              "name": "string",
              "path": "string",
              "permissions_boundary": "string",
              "tags": [
                "map",
                "string"
              ],
              "tags_all": [
                "map",
                "string"
              ],
              "unique_id": "string"
            }
          ]
        ]
      ]
    }
  },
  "resources": [
    {
      "mode": "managed",
      "type": "aws_iam_user",
      "name": "users",
      "provider": "provider[\"registry.terraform.io/hashicorp/aws\"]",
      "instances": [
        {
          "index_key": 0,
          "schema_version": 0,
          "attributes": {
            "arn": "arn:aws:iam::058780928059:user/Paul",
            "force_destroy": false,
            "id": "Paul",
            "name": "Paul",
            "path": "/",
            "permissions_boundary": null,
            "tags": null,
            "tags_all": {},
            "unique_id": "AIDAQ3L45ZA56BOPT7UKS"
          },
          "sensitive_attributes": [],
          "private": "bnVsbA=="
        },
        {
          "index_key": 1,
          "schema_version": 0,
          "attributes": {
            "arn": "arn:aws:iam::058780928059:user/Joun",
            "force_destroy": false,
            "id": "Joun",
            "name": "Joun",
            "path": "/",
            "permissions_boundary": null,
            "tags": null,
            "tags_all": {},
            "unique_id": "AIDAQ3L45ZA5URIE4SQ52"
          },
          "sensitive_attributes": [],
          "private": "bnVsbA=="
        },
        {
          "index_key": 2,
          "schema_version": 0,
          "attributes": {
            "arn": "arn:aws:iam::058780928059:user/Hai",
            "force_destroy": false,
            "id": "Hai",
            "name": "Hai",
            "path": "/",
            "permissions_boundary": null,
            "tags": null,
            "tags_all": {},
            "unique_id": "AIDAQ3L45ZA5UCLC336FO"
          },
          "sensitive_attributes": [],
          "private": "bnVsbA=="
        }
      ]
    }
  ]
}
